
Microsoft Visual Studio Solution File, Format Version 12.00
# Visual Studio 15
VisualStudioVersion = 15.0.28307.572
MinimumVisualStudioVersion = 10.0.40219.1
Project("{2150E333-8FDC-42A3-9474-1A3956D46DE8}") = "src", "src", "{AE3022E3-F29C-484F-B1C5-3224FD074F81}"
EndProject
Project("{2150E333-8FDC-42A3-9474-1A3956D46DE8}") = "test", "test", "{01F2F770-0660-4B55-B8DA-4D9BA7D398BE}"
EndProject
Project("{2150E333-8FDC-42A3-9474-1A3956D46DE8}") = "docs", "docs", "{25D8EF21-547C-40C2-8F81-8637268E3818}"
EndProject
Project("{2150E333-8FDC-42A3-9474-1A3956D46DE8}") = "others", "others", "{87E837B3-7551-4029-8213-2DF7008DE164}"
	ProjectSection(SolutionItems) = preProject
		.gitignore = .gitignore
		LICENSE = LICENSE
		README.md = README.md
	EndProjectSection
EndProject
Project("{9A19103F-16F7-4668-BE54-9A1E7A4F7556}") = "MoneyManager.Api", "src\MoneyManager.Api\MoneyManager.Api.csproj", "{596FFB3E-EE52-43FA-9D86-BB3188FD4FF9}"
EndProject
Project("{9A19103F-16F7-4668-BE54-9A1E7A4F7556}") = "MoneyManager.Domain", "src\MoneyManager.Domain\MoneyManager.Domain.csproj", "{2D23CCD2-B492-49DA-907B-2C38770B3A4B}"
EndProject
Global
	GlobalSection(SolutionConfigurationPlatforms) = preSolution
		Debug|Any CPU = Debug|Any CPU
		Release|Any CPU = Release|Any CPU
	EndGlobalSection
	GlobalSection(ProjectConfigurationPlatforms) = postSolution
		{596FFB3E-EE52-43FA-9D86-BB3188FD4FF9}.Debug|Any CPU.ActiveCfg = Debug|Any CPU
		{596FFB3E-EE52-43FA-9D86-BB3188FD4FF9}.Debug|Any CPU.Build.0 = Debug|Any CPU
		{596FFB3E-EE52-43FA-9D86-BB3188FD4FF9}.Release|Any CPU.ActiveCfg = Release|Any CPU
		{596FFB3E-EE52-43FA-9D86-BB3188FD4FF9}.Release|Any CPU.Build.0 = Release|Any CPU
		{2D23CCD2-B492-49DA-907B-2C38770B3A4B}.Debug|Any CPU.ActiveCfg = Debug|Any CPU
		{2D23CCD2-B492-49DA-907B-2C38770B3A4B}.Debug|Any CPU.Build.0 = Debug|Any CPU
		{2D23CCD2-B492-49DA-907B-2C38770B3A4B}.Release|Any CPU.ActiveCfg = Release|Any CPU
		{2D23CCD2-B492-49DA-907B-2C38770B3A4B}.Release|Any CPU.Build.0 = Release|Any CPU
	EndGlobalSection
	GlobalSection(SolutionProperties) = preSolution
		HideSolutionNode = FALSE
	EndGlobalSection
	GlobalSection(NestedProjects) = preSolution
		{596FFB3E-EE52-43FA-9D86-BB3188FD4FF9} = {AE3022E3-F29C-484F-B1C5-3224FD074F81}
		{2D23CCD2-B492-49DA-907B-2C38770B3A4B} = {AE3022E3-F29C-484F-B1C5-3224FD074F81}
	EndGlobalSection
	GlobalSection(ExtensibilityGlobals) = postSolution
		SolutionGuid = {81C2864D-DDAC-40FB-94FF-C6ECC85BCF58}
	EndGlobalSection
EndGlobal
